
Microsoft Visual Studio Solution File, Format Version 12.00
# Visual Studio Version 16
VisualStudioVersion = 16.0.30320.27
MinimumVisualStudioVersion = 10.0.40219.1
Project("{FAE04EC0-301F-11D3-BF4B-00C04F79EFBC}") = "Directory_DirectoryInfo", "Directory_DirectoryInfo\Directory_DirectoryInfo.csproj", "{14F58DF4-703B-4BE6-8AAC-798003E6A68A}"
EndProject
Global
	GlobalSection(SolutionConfigurationPlatforms) = preSolution
		Debug|Any CPU = Debug|Any CPU
		Release|Any CPU = Release|Any CPU
	EndGlobalSection
	GlobalSection(ProjectConfigurationPlatforms) = postSolution
		{14F58DF4-703B-4BE6-8AAC-798003E6A68A}.Debug|Any CPU.ActiveCfg = Debug|Any CPU
		{14F58DF4-703B-4BE6-8AAC-798003E6A68A}.Debug|Any CPU.Build.0 = Debug|Any CPU
		{14F58DF4-703B-4BE6-8AAC-798003E6A68A}.Release|Any CPU.ActiveCfg = Release|Any CPU
		{14F58DF4-703B-4BE6-8AAC-798003E6A68A}.Release|Any CPU.Build.0 = Release|Any CPU
	EndGlobalSection
	GlobalSection(SolutionProperties) = preSolution
		HideSolutionNode = FALSE
	EndGlobalSection
	GlobalSection(ExtensibilityGlobals) = postSolution
		SolutionGuid = {A9B3F9EE-FBF5-4316-A2FC-E98032469CEA}
	EndGlobalSection
EndGlobal
